
Microsoft Visual Studio Solution File, Format Version 12.00
# Visual Studio Version 17
VisualStudioVersion = 17.9.34616.47
MinimumVisualStudioVersion = 10.0.40219.1
Project("{9A19103F-16F7-4668-BE54-9A1E7A4F7556}") = "AvaloniaApplication1", "AvaloniaApplication1\AvaloniaApplication1.csproj", "{CE9F77E4-F341-44B5-84A9-AE0926EF31A5}"
EndProject
Project("{9A19103F-16F7-4668-BE54-9A1E7A4F7556}") = "AvaloniaApplication1.Android", "AvaloniaApplication1.Android\AvaloniaApplication1.Android.csproj", "{74D5159B-8374-4980-B0FD-85A4BBDAE722}"
EndProject
Project("{9A19103F-16F7-4668-BE54-9A1E7A4F7556}") = "AvaloniaApplication1.Desktop", "AvaloniaApplication1.Desktop\AvaloniaApplication1.Desktop.csproj", "{84F023C0-6A05-40DA-A923-25A18851DFC0}"
EndProject
Project("{9A19103F-16F7-4668-BE54-9A1E7A4F7556}") = "AvaloniaApplication1.iOS", "AvaloniaApplication1.iOS\AvaloniaApplication1.iOS.csproj", "{23F0ACCB-59AE-45FB-A2DE-87CF762DDF1D}"
EndProject
Global
	GlobalSection(SolutionConfigurationPlatforms) = preSolution
		Debug|Any CPU = Debug|Any CPU
		Release|Any CPU = Release|Any CPU
	EndGlobalSection
	GlobalSection(ProjectConfigurationPlatforms) = postSolution
		{CE9F77E4-F341-44B5-84A9-AE0926EF31A5}.Debug|Any CPU.ActiveCfg = Debug|Any CPU
		{CE9F77E4-F341-44B5-84A9-AE0926EF31A5}.Debug|Any CPU.Build.0 = Debug|Any CPU
		{CE9F77E4-F341-44B5-84A9-AE0926EF31A5}.Release|Any CPU.ActiveCfg = Release|Any CPU
		{CE9F77E4-F341-44B5-84A9-AE0926EF31A5}.Release|Any CPU.Build.0 = Release|Any CPU
		{74D5159B-8374-4980-B0FD-85A4BBDAE722}.Debug|Any CPU.ActiveCfg = Debug|Any CPU
		{74D5159B-8374-4980-B0FD-85A4BBDAE722}.Debug|Any CPU.Build.0 = Debug|Any CPU
		{74D5159B-8374-4980-B0FD-85A4BBDAE722}.Debug|Any CPU.Deploy.0 = Debug|Any CPU
		{74D5159B-8374-4980-B0FD-85A4BBDAE722}.Release|Any CPU.ActiveCfg = Release|Any CPU
		{74D5159B-8374-4980-B0FD-85A4BBDAE722}.Release|Any CPU.Build.0 = Release|Any CPU
		{74D5159B-8374-4980-B0FD-85A4BBDAE722}.Release|Any CPU.Deploy.0 = Release|Any CPU
		{84F023C0-6A05-40DA-A923-25A18851DFC0}.Debug|Any CPU.ActiveCfg = Debug|Any CPU
		{84F023C0-6A05-40DA-A923-25A18851DFC0}.Debug|Any CPU.Build.0 = Debug|Any CPU
		{84F023C0-6A05-40DA-A923-25A18851DFC0}.Release|Any CPU.ActiveCfg = Release|Any CPU
		{84F023C0-6A05-40DA-A923-25A18851DFC0}.Release|Any CPU.Build.0 = Release|Any CPU
		{23F0ACCB-59AE-45FB-A2DE-87CF762DDF1D}.Debug|Any CPU.ActiveCfg = Debug|Any CPU
		{23F0ACCB-59AE-45FB-A2DE-87CF762DDF1D}.Debug|Any CPU.Build.0 = Debug|Any CPU
		{23F0ACCB-59AE-45FB-A2DE-87CF762DDF1D}.Debug|Any CPU.Deploy.0 = Debug|Any CPU
		{23F0ACCB-59AE-45FB-A2DE-87CF762DDF1D}.Release|Any CPU.ActiveCfg = Release|Any CPU
		{23F0ACCB-59AE-45FB-A2DE-87CF762DDF1D}.Release|Any CPU.Build.0 = Release|Any CPU
		{23F0ACCB-59AE-45FB-A2DE-87CF762DDF1D}.Release|Any CPU.Deploy.0 = Release|Any CPU
	EndGlobalSection
	GlobalSection(SolutionProperties) = preSolution
		HideSolutionNode = FALSE
	EndGlobalSection
	GlobalSection(ExtensibilityGlobals) = postSolution
		SolutionGuid = {5AD158F8-A6DF-4BD5-9101-94D1CD162036}
	EndGlobalSection
EndGlobal
